// !$*UTF8*$!
{
	archiveVersion = 1;
	classes = {
	};
	objectVersion = 50;
	objects = {

/* Begin PBXBuildFile section */
		D6773C8B25C4B0ED005F1AD7 /* MusicAppApp.swift in Sources */ = {isa = PBXBuildFile; fileRef = D6773C8A25C4B0ED005F1AD7 /* MusicAppApp.swift */; };
		D6773C8D25C4B0ED005F1AD7 /* ContentView.swift in Sources */ = {isa = PBXBuildFile; fileRef = D6773C8C25C4B0ED005F1AD7 /* ContentView.swift */; };
		D6773C8F25C4B0ED005F1AD7 /* Assets.xcassets in Resources */ = {isa = PBXBuildFile; fileRef = D6773C8E25C4B0ED005F1AD7 /* Assets.xcassets */; };
		D6773C9225C4B0ED005F1AD7 /* Preview Assets.xcassets in Resources */ = {isa = PBXBuildFile; fileRef = D6773C9125C4B0ED005F1AD7 /* Preview Assets.xcassets */; };
		D6773C9D25C4B0EE005F1AD7 /* MusicAppTests.swift in Sources */ = {isa = PBXBuildFile; fileRef = D6773C9C25C4B0EE005F1AD7 /* MusicAppTests.swift */; };
		D6773CA825C4B0EE005F1AD7 /* MusicAppUITests.swift in Sources */ = {isa = PBXBuildFile; fileRef = D6773CA725C4B0EE005F1AD7 /* MusicAppUITests.swift */; };
/* End PBXBuildFile section */

/* Begin PBXContainerItemProxy section */
		D6773C9925C4B0EE005F1AD7 /* PBXContainerItemProxy */ = {
			isa = PBXContainerItemProxy;
			containerPortal = D6773C7F25C4B0ED005F1AD7 /* Project object */;
			proxyType = 1;
			remoteGlobalIDString = D6773C8625C4B0ED005F1AD7;
			remoteInfo = MusicApp;
		};
		D6773CA425C4B0EE005F1AD7 /* PBXContainerItemProxy */ = {
			isa = PBXContainerItemProxy;
			containerPortal = D6773C7F25C4B0ED005F1AD7 /* Project object */;
			proxyType = 1;
			remoteGlobalIDString = D6773C8625C4B0ED005F1AD7;
			remoteInfo = MusicApp;
		};
/* End PBXContainerItemProxy section */

/* Begin PBXFileReference section */
		D6773C8725C4B0ED005F1AD7 /* MusicApp.app */ = {isa = PBXFileReference; explicitFileType = wrapper.application; includeInIndex = 0; path = MusicApp.app; sourceTree = BUILT_PRODUCTS_DIR; };
		D6773C8A25C4B0ED005F1AD7 /* MusicAppApp.swift */ = {isa = PBXFileReference; lastKnownFileType = sourcecode.swift; path = MusicAppApp.swift; sourceTree = "<group>"; };
		D6773C8C25C4B0ED005F1AD7 /* ContentView.swift */ = {isa = PBXFileReference; lastKnownFileType = sourcecode.swift; path = ContentView.swift; sourceTree = "<group>"; };
		D6773C8E25C4B0ED005F1AD7 /* Assets.xcassets */ = {isa = PBXFileReference; lastKnownFileType = folder.assetcatalog; path = Assets.xcassets; sourceTree = "<group>"; };
		D6773C9125C4B0ED005F1AD7 /* Preview Assets.xcassets */ = {isa = PBXFileReference; lastKnownFileType = folder.assetcatalog; path = "Preview Assets.xcassets"; sourceTree = "<group>"; };
		D6773C9325C4B0ED005F1AD7 /* Info.plist */ = {isa = PBXFileReference; lastKnownFileType = text.plist.xml; path = Info.plist; sourceTree = "<group>"; };
		D6773C9825C4B0EE005F1AD7 /* MusicAppTests.xctest */ = {isa = PBXFileReference; explicitFileType = wrapper.cfbundle; includeInIndex = 0; path = MusicAppTests.xctest; sourceTree = BUILT_PRODUCTS_DIR; };
		D6773C9C25C4B0EE005F1AD7 /* MusicAppTests.swift */ = {isa = PBXFileReference; lastKnownFileType = sourcecode.swift; path = MusicAppTests.swift; sourceTree = "<group>"; };
		D6773C9E25C4B0EE005F1AD7 /* Info.plist */ = {isa = PBXFileReference; lastKnownFileType = text.plist.xml; path = Info.plist; sourceTree = "<group>"; };
		D6773CA325C4B0EE005F1AD7 /* MusicAppUITests.xctest */ = {isa = PBXFileReference; explicitFileType = wrapper.cfbundle; includeInIndex = 0; path = MusicAppUITests.xctest; sourceTree = BUILT_PRODUCTS_DIR; };
		D6773CA725C4B0EE005F1AD7 /* MusicAppUITests.swift */ = {isa = PBXFileReference; lastKnownFileType = sourcecode.swift; path = MusicAppUITests.swift; sourceTree = "<group>"; };
		D6773CA925C4B0EE005F1AD7 /* Info.plist */ = {isa = PBXFileReference; lastKnownFileType = text.plist.xml; path = Info.plist; sourceTree = "<group>"; };
/* End PBXFileReference section */

/* Begin PBXFrameworksBuildPhase section */
		D6773C8425C4B0ED005F1AD7 /* Frameworks */ = {
			isa = PBXFrameworksBuildPhase;
			buildActionMask = 2147483647;
			files = (
			);
			runOnlyForDeploymentPostprocessing = 0;
		};
		D6773C9525C4B0EE005F1AD7 /* Frameworks */ = {
			isa = PBXFrameworksBuildPhase;
			buildActionMask = 2147483647;
			files = (
			);
			runOnlyForDeploymentPostprocessing = 0;
		};
		D6773CA025C4B0EE005F1AD7 /* Frameworks */ = {
			isa = PBXFrameworksBuildPhase;
			buildActionMask = 2147483647;
			files = (
			);
			runOnlyForDeploymentPostprocessing = 0;
		};
/* End PBXFrameworksBuildPhase section */

/* Begin PBXGroup section */
		D6773C7E25C4B0ED005F1AD7 = {
			isa = PBXGroup;
			children = (
				D6773C8925C4B0ED005F1AD7 /* MusicApp */,
				D6773C9B25C4B0EE005F1AD7 /* MusicAppTests */,
				D6773CA625C4B0EE005F1AD7 /* MusicAppUITests */,
				D6773C8825C4B0ED005F1AD7 /* Products */,
			);
			sourceTree = "<group>";
		};
		D6773C8825C4B0ED005F1AD7 /* Products */ = {
			isa = PBXGroup;
			children = (
				D6773C8725C4B0ED005F1AD7 /* MusicApp.app */,
				D6773C9825C4B0EE005F1AD7 /* MusicAppTests.xctest */,
				D6773CA325C4B0EE005F1AD7 /* MusicAppUITests.xctest */,
			);
			name = Products;
			sourceTree = "<group>";
		};
		D6773C8925C4B0ED005F1AD7 /* MusicApp */ = {
			isa = PBXGroup;
			children = (
				D6773C8A25C4B0ED005F1AD7 /* MusicAppApp.swift */,
				D6773C8C25C4B0ED005F1AD7 /* ContentView.swift */,
				D6773C8E25C4B0ED005F1AD7 /* Assets.xcassets */,
				D6773C9325C4B0ED005F1AD7 /* Info.plist */,
				D6773C9025C4B0ED005F1AD7 /* Preview Content */,
			);
			path = MusicApp;
			sourceTree = "<group>";
		};
		D6773C9025C4B0ED005F1AD7 /* Preview Content */ = {
			isa = PBXGroup;
			children = (
				D6773C9125C4B0ED005F1AD7 /* Preview Assets.xcassets */,
			);
			path = "Preview Content";
			sourceTree = "<group>";
		};
		D6773C9B25C4B0EE005F1AD7 /* MusicAppTests */ = {
			isa = PBXGroup;
			children = (
				D6773C9C25C4B0EE005F1AD7 /* MusicAppTests.swift */,
				D6773C9E25C4B0EE005F1AD7 /* Info.plist */,
			);
			path = MusicAppTests;
			sourceTree = "<group>";
		};
		D6773CA625C4B0EE005F1AD7 /* MusicAppUITests */ = {
			isa = PBXGroup;
			children = (
				D6773CA725C4B0EE005F1AD7 /* MusicAppUITests.swift */,
				D6773CA925C4B0EE005F1AD7 /* Info.plist */,
			);
			path = MusicAppUITests;
			sourceTree = "<group>";
		};
/* End PBXGroup section */

/* Begin PBXNativeTarget section */
		D6773C8625C4B0ED005F1AD7 /* MusicApp */ = {
			isa = PBXNativeTarget;
			buildConfigurationList = D6773CAC25C4B0EE005F1AD7 /* Build configuration list for PBXNativeTarget "MusicApp" */;
			buildPhases = (
				D6773C8325C4B0ED005F1AD7 /* Sources */,
				D6773C8425C4B0ED005F1AD7 /* Frameworks */,
				D6773C8525C4B0ED005F1AD7 /* Resources */,
			);
			buildRules = (
			);
			dependencies = (
			);
			name = MusicApp;
			productName = MusicApp;
			productReference = D6773C8725C4B0ED005F1AD7 /* MusicApp.app */;
			productType = "com.apple.product-type.application";
		};
		D6773C9725C4B0EE005F1AD7 /* MusicAppTests */ = {
			isa = PBXNativeTarget;
			buildConfigurationList = D6773CAF25C4B0EE005F1AD7 /* Build configuration list for PBXNativeTarget "MusicAppTests" */;
			buildPhases = (
				D6773C9425C4B0EE005F1AD7 /* Sources */,
				D6773C9525C4B0EE005F1AD7 /* Frameworks */,
				D6773C9625C4B0EE005F1AD7 /* Resources */,
			);
			buildRules = (
			);
			dependencies = (
				D6773C9A25C4B0EE005F1AD7 /* PBXTargetDependency */,
			);
			name = MusicAppTests;
			productName = MusicAppTests;
			productReference = D6773C9825C4B0EE005F1AD7 /* MusicAppTests.xctest */;
			productType = "com.apple.product-type.bundle.unit-test";
		};
		D6773CA225C4B0EE005F1AD7 /* MusicAppUITests */ = {
			isa = PBXNativeTarget;
			buildConfigurationList = D6773CB225C4B0EE005F1AD7 /* Build configuration list for PBXNativeTarget "MusicAppUITests" */;
			buildPhases = (
				D6773C9F25C4B0EE005F1AD7 /* Sources */,
				D6773CA025C4B0EE005F1AD7 /* Frameworks */,
				D6773CA125C4B0EE005F1AD7 /* Resources */,
			);
			buildRules = (
			);
			dependencies = (
				D6773CA525C4B0EE005F1AD7 /* PBXTargetDependency */,
			);
			name = MusicAppUITests;
			productName = MusicAppUITests;
			productReference = D6773CA325C4B0EE005F1AD7 /* MusicAppUITests.xctest */;
			productType = "com.apple.product-type.bundle.ui-testing";
		};
/* End PBXNativeTarget section */

/* Begin PBXProject section */
		D6773C7F25C4B0ED005F1AD7 /* Project object */ = {
			isa = PBXProject;
			attributes = {
				LastSwiftUpdateCheck = 1230;
				LastUpgradeCheck = 1230;
				TargetAttributes = {
					D6773C8625C4B0ED005F1AD7 = {
						CreatedOnToolsVersion = 12.3;
					};
					D6773C9725C4B0EE005F1AD7 = {
						CreatedOnToolsVersion = 12.3;
						TestTargetID = D6773C8625C4B0ED005F1AD7;
					};
					D6773CA225C4B0EE005F1AD7 = {
						CreatedOnToolsVersion = 12.3;
						TestTargetID = D6773C8625C4B0ED005F1AD7;
					};
				};
			};
			buildConfigurationList = D6773C8225C4B0ED005F1AD7 /* Build configuration list for PBXProject "MusicApp" */;
			compatibilityVersion = "Xcode 9.3";
			developmentRegion = en;
			hasScannedForEncodings = 0;
			knownRegions = (
				en,
				Base,
			);
			mainGroup = D6773C7E25C4B0ED005F1AD7;
			productRefGroup = D6773C8825C4B0ED005F1AD7 /* Products */;
			projectDirPath = "";
			projectRoot = "";
			targets = (
				D6773C8625C4B0ED005F1AD7 /* MusicApp */,
				D6773C9725C4B0EE005F1AD7 /* MusicAppTests */,
				D6773CA225C4B0EE005F1AD7 /* MusicAppUITests */,
			);
		};
/* End PBXProject section */

/* Begin PBXResourcesBuildPhase section */
		D6773C8525C4B0ED005F1AD7 /* Resources */ = {
			isa = PBXResourcesBuildPhase;
			buildActionMask = 2147483647;
			files = (
				D6773C9225C4B0ED005F1AD7 /* Preview Assets.xcassets in Resources */,
				D6773C8F25C4B0ED005F1AD7 /* Assets.xcassets in Resources */,
			);
			runOnlyForDeploymentPostprocessing = 0;
		};
		D6773C9625C4B0EE005F1AD7 /* Resources */ = {
			isa = PBXResourcesBuildPhase;
			buildActionMask = 2147483647;
			files = (
			);
			runOnlyForDeploymentPostprocessing = 0;
		};
		D6773CA125C4B0EE005F1AD7 /* Resources */ = {
			isa = PBXResourcesBuildPhase;
			buildActionMask = 2147483647;
			files = (
			);
			runOnlyForDeploymentPostprocessing = 0;
		};
/* End PBXResourcesBuildPhase section */

/* Begin PBXSourcesBuildPhase section */
		D6773C8325C4B0ED005F1AD7 /* Sources */ = {
			isa = PBXSourcesBuildPhase;
			buildActionMask = 2147483647;
			files = (
				D6773C8D25C4B0ED005F1AD7 /* ContentView.swift in Sources */,
				D6773C8B25C4B0ED005F1AD7 /* MusicAppApp.swift in Sources */,
			);
			runOnlyForDeploymentPostprocessing = 0;
		};
		D6773C9425C4B0EE005F1AD7 /* Sources */ = {
			isa = PBXSourcesBuildPhase;
			buildActionMask = 2147483647;
			files = (
				D6773C9D25C4B0EE005F1AD7 /* MusicAppTests.swift in Sources */,
			);
			runOnlyForDeploymentPostprocessing = 0;
		};
		D6773C9F25C4B0EE005F1AD7 /* Sources */ = {
			isa = PBXSourcesBuildPhase;
			buildActionMask = 2147483647;
			files = (
				D6773CA825C4B0EE005F1AD7 /* MusicAppUITests.swift in Sources */,
			);
			runOnlyForDeploymentPostprocessing = 0;
		};
/* End PBXSourcesBuildPhase section */

/* Begin PBXTargetDependency section */
		D6773C9A25C4B0EE005F1AD7 /* PBXTargetDependency */ = {
			isa = PBXTargetDependency;
			target = D6773C8625C4B0ED005F1AD7 /* MusicApp */;
			targetProxy = D6773C9925C4B0EE005F1AD7 /* PBXContainerItemProxy */;
		};
		D6773CA525C4B0EE005F1AD7 /* PBXTargetDependency */ = {
			isa = PBXTargetDependency;
			target = D6773C8625C4B0ED005F1AD7 /* MusicApp */;
			targetProxy = D6773CA425C4B0EE005F1AD7 /* PBXContainerItemProxy */;
		};
/* End PBXTargetDependency section */

/* Begin XCBuildConfiguration section */
		D6773CAA25C4B0EE005F1AD7 /* Debug */ = {
			isa = XCBuildConfiguration;
			buildSettings = {
				ALWAYS_SEARCH_USER_PATHS = NO;
				CLANG_ANALYZER_NONNULL = YES;
				CLANG_ANALYZER_NUMBER_OBJECT_CONVERSION = YES_AGGRESSIVE;
				CLANG_CXX_LANGUAGE_STANDARD = "gnu++14";
				CLANG_CXX_LIBRARY = "libc++";
				CLANG_ENABLE_MODULES = YES;
				CLANG_ENABLE_OBJC_ARC = YES;
				CLANG_ENABLE_OBJC_WEAK = YES;
				CLANG_WARN_BLOCK_CAPTURE_AUTORELEASING = YES;
				CLANG_WARN_BOOL_CONVERSION = YES;
				CLANG_WARN_COMMA = YES;
				CLANG_WARN_CONSTANT_CONVERSION = YES;
				CLANG_WARN_DEPRECATED_OBJC_IMPLEMENTATIONS = YES;
				CLANG_WARN_DIRECT_OBJC_ISA_USAGE = YES_ERROR;
				CLANG_WARN_DOCUMENTATION_COMMENTS = YES;
				CLANG_WARN_EMPTY_BODY = YES;
				CLANG_WARN_ENUM_CONVERSION = YES;
				CLANG_WARN_INFINITE_RECURSION = YES;
				CLANG_WARN_INT_CONVERSION = YES;
				CLANG_WARN_NON_LITERAL_NULL_CONVERSION = YES;
				CLANG_WARN_OBJC_IMPLICIT_RETAIN_SELF = YES;
				CLANG_WARN_OBJC_LITERAL_CONVERSION = YES;
				CLANG_WARN_OBJC_ROOT_CLASS = YES_ERROR;
				CLANG_WARN_QUOTED_INCLUDE_IN_FRAMEWORK_HEADER = YES;
				CLANG_WARN_RANGE_LOOP_ANALYSIS = YES;
				CLANG_WARN_STRICT_PROTOTYPES = YES;
				CLANG_WARN_SUSPICIOUS_MOVE = YES;
				CLANG_WARN_UNGUARDED_AVAILABILITY = YES_AGGRESSIVE;
				CLANG_WARN_UNREACHABLE_CODE = YES;
				CLANG_WARN__DUPLICATE_METHOD_MATCH = YES;
				COPY_PHASE_STRIP = NO;
				DEBUG_INFORMATION_FORMAT = dwarf;
				ENABLE_STRICT_OBJC_MSGSEND = YES;
				ENABLE_TESTABILITY = YES;
				GCC_C_LANGUAGE_STANDARD = gnu11;
				GCC_DYNAMIC_NO_PIC = NO;
				GCC_NO_COMMON_BLOCKS = YES;
				GCC_OPTIMIZATION_LEVEL = 0;
				GCC_PREPROCESSOR_DEFINITIONS = (
					"DEBUG=1",
					"$(inherited)",
				);
				GCC_WARN_64_TO_32_BIT_CONVERSION = YES;
				GCC_WARN_ABOUT_RETURN_TYPE = YES_ERROR;
				GCC_WARN_UNDECLARED_SELECTOR = YES;
				GCC_WARN_UNINITIALIZED_AUTOS = YES_AGGRESSIVE;
				GCC_WARN_UNUSED_FUNCTION = YES;
				GCC_WARN_UNUSED_VARIABLE = YES;
				IPHONEOS_DEPLOYMENT_TARGET = 14.3;
				MTL_ENABLE_DEBUG_INFO = INCLUDE_SOURCE;
				MTL_FAST_MATH = YES;
				ONLY_ACTIVE_ARCH = YES;
				SDKROOT = iphoneos;
				SWIFT_ACTIVE_COMPILATION_CONDITIONS = DEBUG;
				SWIFT_OPTIMIZATION_LEVEL = "-Onone";
			};
			name = Debug;
		};
		D6773CAB25C4B0EE005F1AD7 /* Release */ = {
			isa = XCBuildConfiguration;
			buildSettings = {
				ALWAYS_SEARCH_USER_PATHS = NO;
				CLANG_ANALYZER_NONNULL = YES;
				CLANG_ANALYZER_NUMBER_OBJECT_CONVERSION = YES_AGGRESSIVE;
				CLANG_CXX_LANGUAGE_STANDARD = "gnu++14";
				CLANG_CXX_LIBRARY = "libc++";
				CLANG_ENABLE_MODULES = YES;
				CLANG_ENABLE_OBJC_ARC = YES;
				CLANG_ENABLE_OBJC_WEAK = YES;
				CLANG_WARN_BLOCK_CAPTURE_AUTORELEASING = YES;
				CLANG_WARN_BOOL_CONVERSION = YES;
				CLANG_WARN_COMMA = YES;
				CLANG_WARN_CONSTANT_CONVERSION = YES;
				CLANG_WARN_DEPRECATED_OBJC_IMPLEMENTATIONS = YES;
				CLANG_WARN_DIRECT_OBJC_ISA_USAGE = YES_ERROR;
				CLANG_WARN_DOCUMENTATION_COMMENTS = YES;
				CLANG_WARN_EMPTY_BODY = YES;
				CLANG_WARN_ENUM_CONVERSION = YES;
				CLANG_WARN_INFINITE_RECURSION = YES;
				CLANG_WARN_INT_CONVERSION = YES;
				CLANG_WARN_NON_LITERAL_NULL_CONVERSION = YES;
				CLANG_WARN_OBJC_IMPLICIT_RETAIN_SELF = YES;
				CLANG_WARN_OBJC_LITERAL_CONVERSION = YES;
				CLANG_WARN_OBJC_ROOT_CLASS = YES_ERROR;
				CLANG_WARN_QUOTED_INCLUDE_IN_FRAMEWORK_HEADER = YES;
				CLANG_WARN_RANGE_LOOP_ANALYSIS = YES;
				CLANG_WARN_STRICT_PROTOTYPES = YES;
				CLANG_WARN_SUSPICIOUS_MOVE = YES;
				CLANG_WARN_UNGUARDED_AVAILABILITY = YES_AGGRESSIVE;
				CLANG_WARN_UNREACHABLE_CODE = YES;
				CLANG_WARN__DUPLICATE_METHOD_MATCH = YES;
				COPY_PHASE_STRIP = NO;
				DEBUG_INFORMATION_FORMAT = "dwarf-with-dsym";
				ENABLE_NS_ASSERTIONS = NO;
				ENABLE_STRICT_OBJC_MSGSEND = YES;
				GCC_C_LANGUAGE_STANDARD = gnu11;
				GCC_NO_COMMON_BLOCKS = YES;
				GCC_WARN_64_TO_32_BIT_CONVERSION = YES;
				GCC_WARN_ABOUT_RETURN_TYPE = YES_ERROR;
				GCC_WARN_UNDECLARED_SELECTOR = YES;
				GCC_WARN_UNINITIALIZED_AUTOS = YES_AGGRESSIVE;
				GCC_WARN_UNUSED_FUNCTION = YES;
				GCC_WARN_UNUSED_VARIABLE = YES;
				IPHONEOS_DEPLOYMENT_TARGET = 14.3;
				MTL_ENABLE_DEBUG_INFO = NO;
				MTL_FAST_MATH = YES;
				SDKROOT = iphoneos;
				SWIFT_COMPILATION_MODE = wholemodule;
				SWIFT_OPTIMIZATION_LEVEL = "-O";
				VALIDATE_PRODUCT = YES;
			};
			name = Release;
		};
		D6773CAD25C4B0EE005F1AD7 /* Debug */ = {
			isa = XCBuildConfiguration;
			buildSettings = {
				ASSETCATALOG_COMPILER_APPICON_NAME = AppIcon;
				ASSETCATALOG_COMPILER_GLOBAL_ACCENT_COLOR_NAME = AccentColor;
				CODE_SIGN_STYLE = Automatic;
				DEVELOPMENT_ASSET_PATHS = "\"MusicApp/Preview Content\"";
				ENABLE_PREVIEWS = YES;
				INFOPLIST_FILE = MusicApp/Info.plist;
				IPHONEOS_DEPLOYMENT_TARGET = 14.0;
				LD_RUNPATH_SEARCH_PATHS = (
					"$(inherited)",
					"@executable_path/Frameworks",
				);
				PRODUCT_BUNDLE_IDENTIFIER = codepath.MusicApp;
				PRODUCT_NAME = "$(TARGET_NAME)";
				SWIFT_VERSION = 5.0;
				TARGETED_DEVICE_FAMILY = "1,2";
			};
			name = Debug;
		};
		D6773CAE25C4B0EE005F1AD7 /* Release */ = {
			isa = XCBuildConfiguration;
			buildSettings = {
				ASSETCATALOG_COMPILER_APPICON_NAME = AppIcon;
				ASSETCATALOG_COMPILER_GLOBAL_ACCENT_COLOR_NAME = AccentColor;
				CODE_SIGN_STYLE = Automatic;
				DEVELOPMENT_ASSET_PATHS = "\"MusicApp/Preview Content\"";
				ENABLE_PREVIEWS = YES;
				INFOPLIST_FILE = MusicApp/Info.plist;
				IPHONEOS_DEPLOYMENT_TARGET = 14.0;
				LD_RUNPATH_SEARCH_PATHS = (
					"$(inherited)",
					"@executable_path/Frameworks",
				);
				PRODUCT_BUNDLE_IDENTIFIER = codepath.MusicApp;
				PRODUCT_NAME = "$(TARGET_NAME)";
				SWIFT_VERSION = 5.0;
				TARGETED_DEVICE_FAMILY = "1,2";
			};
			name = Release;
		};
		D6773CB025C4B0EE005F1AD7 /* Debug */ = {
			isa = XCBuildConfiguration;
			buildSettings = {
				ALWAYS_EMBED_SWIFT_STANDARD_LIBRARIES = YES;
				BUNDLE_LOADER = "$(TEST_HOST)";
				CODE_SIGN_STYLE = Automatic;
				INFOPLIST_FILE = MusicAppTests/Info.plist;
				IPHONEOS_DEPLOYMENT_TARGET = 14.0;
				LD_RUNPATH_SEARCH_PATHS = (
					"$(inherited)",
					"@executable_path/Frameworks",
					"@loader_path/Frameworks",
				);
				PRODUCT_BUNDLE_IDENTIFIER = codepath.MusicAppTests;
				PRODUCT_NAME = "$(TARGET_NAME)";
				SWIFT_VERSION = 5.0;
				TARGETED_DEVICE_FAMILY = "1,2";
				TEST_HOST = "$(BUILT_PRODUCTS_DIR)/MusicApp.app/MusicApp";
			};
			name = Debug;
		};
		D6773CB125C4B0EE005F1AD7 /* Release */ = {
			isa = XCBuildConfiguration;
			buildSettings = {
				ALWAYS_EMBED_SWIFT_STANDARD_LIBRARIES = YES;
				BUNDLE_LOADER = "$(TEST_HOST)";
				CODE_SIGN_STYLE = Automatic;
				INFOPLIST_FILE = MusicAppTests/Info.plist;
				IPHONEOS_DEPLOYMENT_TARGET = 14.0;
				LD_RUNPATH_SEARCH_PATHS = (
					"$(inherited)",
					"@executable_path/Frameworks",
					"@loader_path/Frameworks",
				);
				PRODUCT_BUNDLE_IDENTIFIER = codepath.MusicAppTests;
				PRODUCT_NAME = "$(TARGET_NAME)";
				SWIFT_VERSION = 5.0;
				TARGETED_DEVICE_FAMILY = "1,2";
				TEST_HOST = "$(BUILT_PRODUCTS_DIR)/MusicApp.app/MusicApp";
			};
			name = Release;
		};
		D6773CB325C4B0EE005F1AD7 /* Debug */ = {
			isa = XCBuildConfiguration;
			buildSettings = {
				ALWAYS_EMBED_SWIFT_STANDARD_LIBRARIES = YES;
				CODE_SIGN_STYLE = Automatic;
				INFOPLIST_FILE = MusicAppUITests/Info.plist;
				LD_RUNPATH_SEARCH_PATHS = (
					"$(inherited)",
					"@executable_path/Frameworks",
					"@loader_path/Frameworks",
				);
				PRODUCT_BUNDLE_IDENTIFIER = codepath.MusicAppUITests;
				PRODUCT_NAME = "$(TARGET_NAME)";
				SWIFT_VERSION = 5.0;
				TARGETED_DEVICE_FAMILY = "1,2";
				TEST_TARGET_NAME = MusicApp;
			};
			name = Debug;
		};
		D6773CB425C4B0EE005F1AD7 /* Release */ = {
			isa = XCBuildConfiguration;
			buildSettings = {
				ALWAYS_EMBED_SWIFT_STANDARD_LIBRARIES = YES;
				CODE_SIGN_STYLE = Automatic;
				INFOPLIST_FILE = MusicAppUITests/Info.plist;
				LD_RUNPATH_SEARCH_PATHS = (
					"$(inherited)",
					"@executable_path/Frameworks",
					"@loader_path/Frameworks",
				);
				PRODUCT_BUNDLE_IDENTIFIER = codepath.MusicAppUITests;
				PRODUCT_NAME = "$(TARGET_NAME)";
				SWIFT_VERSION = 5.0;
				TARGETED_DEVICE_FAMILY = "1,2";
				TEST_TARGET_NAME = MusicApp;
			};
			name = Release;
		};
/* End XCBuildConfiguration section */

/* Begin XCConfigurationList section */
		D6773C8225C4B0ED005F1AD7 /* Build configuration list for PBXProject "MusicApp" */ = {
			isa = XCConfigurationList;
			buildConfigurations = (
				D6773CAA25C4B0EE005F1AD7 /* Debug */,
				D6773CAB25C4B0EE005F1AD7 /* Release */,
			);
			defaultConfigurationIsVisible = 0;
			defaultConfigurationName = Release;
		};
		D6773CAC25C4B0EE005F1AD7 /* Build configuration list for PBXNativeTarget "MusicApp" */ = {
			isa = XCConfigurationList;
			buildConfigurations = (
				D6773CAD25C4B0EE005F1AD7 /* Debug */,
				D6773CAE25C4B0EE005F1AD7 /* Release */,
			);
			defaultConfigurationIsVisible = 0;
			defaultConfigurationName = Release;
		};
		D6773CAF25C4B0EE005F1AD7 /* Build configuration list for PBXNativeTarget "MusicAppTests" */ = {
			isa = XCConfigurationList;
			buildConfigurations = (
				D6773CB025C4B0EE005F1AD7 /* Debug */,
				D6773CB125C4B0EE005F1AD7 /* Release */,
			);
			defaultConfigurationIsVisible = 0;
			defaultConfigurationName = Release;
		};
		D6773CB225C4B0EE005F1AD7 /* Build configuration list for PBXNativeTarget "MusicAppUITests" */ = {
			isa = XCConfigurationList;
			buildConfigurations = (
				D6773CB325C4B0EE005F1AD7 /* Debug */,
				D6773CB425C4B0EE005F1AD7 /* Release */,
			);
			defaultConfigurationIsVisible = 0;
			defaultConfigurationName = Release;
		};
/* End XCConfigurationList section */
	};
	rootObject = D6773C7F25C4B0ED005F1AD7 /* Project object */;
}
